
Microsoft Visual Studio Solution File, Format Version 12.00
Project("{FAE04EC0-301F-11D3-BF4B-00C04F79EFBC}") = "Ginastics.Controller", "Ginastics.Controller\Ginastics.Controller.csproj", "{401EC851-B4F3-4EF3-AEF5-BF4905E1E3BF}"
EndProject
Global
	GlobalSection(SolutionConfigurationPlatforms) = preSolution
		Debug|Any CPU = Debug|Any CPU
		Release|Any CPU = Release|Any CPU
	EndGlobalSection
	GlobalSection(ProjectConfigurationPlatforms) = postSolution
		{401EC851-B4F3-4EF3-AEF5-BF4905E1E3BF}.Debug|Any CPU.ActiveCfg = Debug|Any CPU
		{401EC851-B4F3-4EF3-AEF5-BF4905E1E3BF}.Debug|Any CPU.Build.0 = Debug|Any CPU
		{401EC851-B4F3-4EF3-AEF5-BF4905E1E3BF}.Release|Any CPU.ActiveCfg = Release|Any CPU
		{401EC851-B4F3-4EF3-AEF5-BF4905E1E3BF}.Release|Any CPU.Build.0 = Release|Any CPU
	EndGlobalSection
EndGlobal
